
Microsoft Visual Studio Solution File, Format Version 12.00
# Visual Studio 15
VisualStudioVersion = 15.0.26430.12
MinimumVisualStudioVersion = 10.0.40219.1
Project("{FAE04EC0-301F-11D3-BF4B-00C04F79EFBC}") = "SVP", "SVP\SVP.csproj", "{AC5149D2-3CEF-4877-9B6B-2ED26B4E6F39}"
EndProject
Project("{FAE04EC0-301F-11D3-BF4B-00C04F79EFBC}") = "DisagLib", "DisagLib\DisagLib.csproj", "{6BA4C402-4A4F-41CB-ADF6-519D4ACD0832}"
EndProject
Project("{FAE04EC0-301F-11D3-BF4B-00C04F79EFBC}") = "DISAGSimulator", "DISAGSimulator\DISAGSimulator.csproj", "{494155D5-BBB1-4F37-8063-9FD3D36B3AA7}"
EndProject
Global
	GlobalSection(SolutionConfigurationPlatforms) = preSolution
		Debug|Any CPU = Debug|Any CPU
		Release|Any CPU = Release|Any CPU
	EndGlobalSection
	GlobalSection(ProjectConfigurationPlatforms) = postSolution
		{AC5149D2-3CEF-4877-9B6B-2ED26B4E6F39}.Debug|Any CPU.ActiveCfg = Debug|Any CPU
		{AC5149D2-3CEF-4877-9B6B-2ED26B4E6F39}.Debug|Any CPU.Build.0 = Debug|Any CPU
		{AC5149D2-3CEF-4877-9B6B-2ED26B4E6F39}.Release|Any CPU.ActiveCfg = Release|Any CPU
		{AC5149D2-3CEF-4877-9B6B-2ED26B4E6F39}.Release|Any CPU.Build.0 = Release|Any CPU
		{6BA4C402-4A4F-41CB-ADF6-519D4ACD0832}.Debug|Any CPU.ActiveCfg = Debug|Any CPU
		{6BA4C402-4A4F-41CB-ADF6-519D4ACD0832}.Debug|Any CPU.Build.0 = Debug|Any CPU
		{6BA4C402-4A4F-41CB-ADF6-519D4ACD0832}.Release|Any CPU.ActiveCfg = Release|Any CPU
		{6BA4C402-4A4F-41CB-ADF6-519D4ACD0832}.Release|Any CPU.Build.0 = Release|Any CPU
		{494155D5-BBB1-4F37-8063-9FD3D36B3AA7}.Debug|Any CPU.ActiveCfg = Debug|Any CPU
		{494155D5-BBB1-4F37-8063-9FD3D36B3AA7}.Debug|Any CPU.Build.0 = Debug|Any CPU
		{494155D5-BBB1-4F37-8063-9FD3D36B3AA7}.Release|Any CPU.ActiveCfg = Release|Any CPU
		{494155D5-BBB1-4F37-8063-9FD3D36B3AA7}.Release|Any CPU.Build.0 = Release|Any CPU
	EndGlobalSection
	GlobalSection(SolutionProperties) = preSolution
		HideSolutionNode = FALSE
	EndGlobalSection
EndGlobal
